# This file is autogenerated, do not edit; changes may be undone by the next 'dep ensure'.


[[projects]]
  digest = "1:41531922c7f47d5157308b4dd1abc6142c4c583845ce424ed9664db867fa48cf"
  name = "code.cloudfoundry.org/clock"
  packages = [
    ".",
    "fakeclock",
  ]
  pruneopts = "NUT"
  revision = "02e53af36e6c978af692887ed449b74026d76fec"
  version = "1.0.0"

[[projects]]
  branch = "master"
  digest = "1:d7ca1f9efb467d4f3a54f61fb87706a615fe365d9710c84c78407c68607b22ce"
  name = "github.com/Azure/go-ansiterm"
  packages = [
    ".",
    "winterm",
  ]
  pruneopts = "NUT"
  revision = "d185dfc1b5a126116ea5a19e148e29d16b4574c9"

[[projects]]
  digest = "1:a8bc08e25d94bdcbf8ea54ee8e4b2a00a8c3b6957501b4fdb1a6d303e5292f6d"
  name = "github.com/Knetic/govaluate"
  packages = ["."]
  pruneopts = "NUT"
  revision = "d216395917cc49052c7c7094cf57f09657ca08a8"
  version = "v3.0.0"

[[projects]]
  digest = "1:7ca0d109e2bd5a81bdf5d6c588c2a60d6a6d83c4561ae1a10eace9f35e7c65f5"
  name = "github.com/Microsoft/go-winio"
  packages = [
    ".",
    "pkg/guid",
  ]
  pruneopts = "NUT"
  revision = "7e149e8c70409f36773c1b2cf3447a7ab7697368"
  version = "v0.4.20"

[[projects]]
  branch = "master"
  digest = "1:7da1a26e347165227c79dfb10b90b3b5dedb6cbae50e88cdb81f5b6259b5b951"
  name = "github.com/Nvveen/Gotty"
  packages = ["."]
  pruneopts = "NUT"
  revision = "cd527374f1e5bff4938207604a14f2e38a9cf512"

[[projects]]
  digest = "1:3e35b18c8aff4ae2613a6d170f31f29929e5285de92e9c1a1bf111bc3c398c8a"
  name = "github.com/Shopify/sarama"
  packages = [
    ".",
    "mocks",
  ]
  pruneopts = "NUT"
  revision = "635bcf350a7b8a92b4da0aacd288ee09311e673d"
  version = "v1.30.1"

[[projects]]
  branch = "master"
  digest = "1:f3793f8a708522400cef1dba23385e901aede5519f68971fd69938ef330b07a1"
  name = "github.com/alecthomas/template"
  packages = [
    ".",
    "parse",
  ]
  pruneopts = "NUT"
  revision = "fb15b899a75114aa79cc930e33c46b577cc664b1"

[[projects]]
  branch = "master"
  digest = "1:8c378ca60caff02190bc007dda8a97ad4e011ac0659cd7349b6414509c7e043d"
  name = "github.com/alecthomas/units"
  packages = ["."]
  pruneopts = "NUT"
  revision = "b94a6e3cc13755c0a75fffecbb089eb346fc4289"

[[projects]]
  branch = "master"
  digest = "1:5da5ff1c7bd0b2ef466b8e2a947ea636cb97de83dfc69386bc248fe6d64d5e94"
  name = "github.com/armon/consul-api"
  packages = ["."]
  pruneopts = "NUT"
  revision = "eb2c6b5be1b66bab83016e0b05f01b8d5496ffbd"

[[projects]]
  digest = "1:707ebe952a8b3d00b343c01536c79c73771d100f63ec6babeaed5c79e2b8a8dd"
  name = "github.com/beorn7/perks"
  packages = ["quantile"]
  pruneopts = "NUT"
  revision = "37c8de3658fcb183f997c4e13e8337516ab753e6"
  version = "v1.0.1"

[[projects]]
  digest = "1:d0f767d925cfc5bc024cc3c741f0eca9a8efd7d41aafddb3fcd7d6826f8a6bbc"
  name = "github.com/containerd/continuity"
  packages = ["pathdriver"]
  pruneopts = "NUT"
  revision = "092b2c8f580622aee465fd5d6aba1dc8fad58b56"
  version = "v0.2.2"

[[projects]]
  digest = "1:5d0e3937475c12f69a09573a9af655297217b5246e731200f9a9c3dd4cd3f99f"
  name = "github.com/coreos/etcd"
  packages = [
    "client",
    "pkg/crc",
    "pkg/fileutil",
    "pkg/ioutil",
    "pkg/pathutil",
    "pkg/pbutil",
    "pkg/srv",
    "pkg/types",
    "raft",
    "raft/raftpb",
    "snap",
    "snap/snappb",
    "version",
    "wal",
    "wal/walpb",
  ]
  pruneopts = "UT"
  revision = "973882f697a8db3d59815bf132c6c506434334bd"
  version = "v3.3.27"

[[projects]]
  digest = "1:05ffeeed3f0f05520de0679f6aa3219ffee69cfd6d9fb6c194879d4c818ad670"
  name = "github.com/coreos/go-semver"
  packages = ["semver"]
  pruneopts = "NUT"
  revision = "e214231b295a8ea9479f11b70b35d5acf3556d9b"
  version = "v0.3.0"

[[projects]]
  digest = "1:1e47d382d7b4abd7ddc733f5efa8a7fd859716f5b0599ae2245a2da443cb68c8"
  name = "github.com/coreos/go-systemd"
  packages = ["journal"]
  pruneopts = "NUT"
  revision = "777e73a89cef78631ccaa97f53a9bae67e166186"
  version = "v22.3.2"

[[projects]]
  digest = "1:22332f13485f13511589dc1f59eb97594e8636d3606b69d172a9a85421ad465d"
  name = "github.com/coreos/pkg"
  packages = ["capnslog"]
  pruneopts = "NUT"
  revision = "97fdf19511ea361ae1c100dd393cc47f8dcfa1e1"
  version = "v4"

[[projects]]
  digest = "1:ffe9824d294da03b391f44e1ae8281281b4afc1bdaa9588c9097785e3af10cec"
  name = "github.com/davecgh/go-spew"
  packages = ["spew"]
  pruneopts = "NUT"
  revision = "8991bc29aa16c548c550c7ff78260e27b9ab7c73"
  version = "v1.1.1"

[[projects]]
  digest = "1:a79e20cafae5bc666a1503bdb6f465f5cef80977ddb5f4ab85124a4f86b8dc22"
  name = "github.com/docker/docker"
  packages = [
    "api/types",
    "api/types/blkiodev",
    "api/types/container",
    "api/types/filters",
    "api/types/mount",
    "api/types/network",
    "api/types/registry",
    "api/types/strslice",
    "api/types/swarm",
    "api/types/swarm/runtime",
    "api/types/versions",
    "errdefs",
    "opts",
    "pkg/fileutils",
    "pkg/homedir",
    "pkg/idtools",
    "pkg/ioutils",
    "pkg/longpath",
    "pkg/mount",
    "pkg/pools",
    "pkg/stdcopy",
    "pkg/system",
  ]
  pruneopts = "NUT"
  revision = "0c5f8d2b9b23ab8d23529b3effdcf53bb058298c"

[[projects]]
  digest = "1:ade935c55cd6d0367c843b109b09c9d748b1982952031414740750fdf94747eb"
  name = "github.com/docker/go-connections"
  packages = ["nat"]
  pruneopts = "NUT"
  revision = "7395e3f8aa162843a74ed6d48e79627d9792ac55"
  version = "v0.4.0"

[[projects]]
  digest = "1:4340101f42556a9cb2f7a360a0e95a019bfef6247d92e6c4c46f2433cf86a482"
  name = "github.com/docker/go-units"
  packages = ["."]
  pruneopts = "NUT"
  revision = "47565b4f722fb6ceae66b95f853feed578a4a51c"
  version = "v0.3.3"

[[projects]]
  digest = "1:00d0d550a1f1d7ca03270ebc1e136f21f6b9dab37f0c37e9a90d56d2f7afcff9"
  name = "github.com/docker/libnetwork"
  packages = ["ipamutils"]
  pruneopts = "NUT"
  revision = "19279f0492417475b6bfbd0aa529f73e8f178fb5"

[[projects]]
  digest = "1:08143362be979b087c2c1bae5dde986e988d3d5d4dc661727cbe436411b3f33a"
  name = "github.com/eapache/go-resiliency"
  packages = ["breaker"]
  pruneopts = "NUT"
  revision = "5efd2ed019fd331ec2defc6f3bd98882f1e3e636"
  version = "v1.2.0"

[[projects]]
  branch = "master"
  digest = "1:d3430c048e919ed27813d20dc65a32d4e3bae3ad05b83700e244a81eaaf48e2a"
  name = "github.com/eapache/go-xerial-snappy"
  packages = ["."]
  pruneopts = "NUT"
  revision = "776d5712da21bc4762676d614db1d8a64f4238b0"

[[projects]]
  digest = "1:0d36a2b325b9e75f8057f7f9fbe778d348d70ba652cb9335485b69d1a5c4e038"
  name = "github.com/eapache/queue"
  packages = ["."]
  pruneopts = "NUT"
  revision = "44cc805cf13205b55f69e14bcb69867d1ae92f98"
  version = "v1.1.0"

[[projects]]
  digest = "1:1ebed07a9412d27e49605be492b7c6a225d9177219a75485a338d9ca4f79a533"
  name = "github.com/felixge/httpsnoop"
  packages = ["."]
  pruneopts = "NUT"
  revision = "42c30f944879059639bcf7b2ca4aba06f4a83198"
  version = "v1.0.2"

[[projects]]
  digest = "1:51bf65f8162cfbe4eeab63b729c3c210b2cd48b1e2e6cda14e9023dd7c3038a3"
  name = "github.com/fsnotify/fsnotify"
  packages = ["."]
  pruneopts = "NUT"
  revision = "466b39d216616549a37ee93c7c47775f6a010790"
  version = "v1.5.1"

[[projects]]
  digest = "1:d0a3e7afbdc348a36faa023b59faf86a60404037f101bb4b8cc4ae63d8b94be1"
  name = "github.com/fsouza/go-dockerclient"
  packages = [
    ".",
    "internal/archive",
    "internal/jsonmessage",
    "internal/term",
  ]
  pruneopts = "NUT"
  revision = "1b33efcb40bef3494af8bc6a1f73600f37a3c9d1"
  version = "v1.3.0"

[[projects]]
  digest = "1:c244cf1dfe6a89844fd22158c361922ad1c16bd9d07e5cb98b53dff582a33d15"
  name = "github.com/go-kit/kit"
  packages = [
    "log",
    "metrics",
    "metrics/internal/lv",
    "metrics/internal/ratemap",
    "metrics/prometheus",
    "metrics/statsd",
    "util/conn",
  ]
  pruneopts = "NUT"
  revision = "ca4112baa34cb55091301bdc13b1420a122b1b9e"
  version = "v0.7.0"

[[projects]]
  digest = "1:2cd0857a75f60cd694c7106d190b7dc23bff570ca2496578918bc7a7e1c1f087"
  name = "github.com/go-logfmt/logfmt"
  packages = ["."]
  pruneopts = "NUT"
  revision = "2fe45f2cf057d707c50bc1949e25ec2cd6b7a015"
  version = "v0.5.1"

[[projects]]
  digest = "1:91358b3a314c1ddfd4d6445ca9c1fb846842c31c153e626730594b3c95f73f4a"
  name = "github.com/go-stack/stack"
  packages = ["."]
  pruneopts = "NUT"
  revision = "93c7c7e3550c72bc91dead1452a0020142e2a902"
  version = "v1.8.1"

[[projects]]
  digest = "1:fd9a64a91b13d97a94f78583aaedd0798748cc90f1fd17e23cb558d466da0503"
  name = "github.com/gogo/protobuf"
  packages = [
    "gogoproto",
    "proto",
    "protoc-gen-gogo/descriptor",
  ]
  pruneopts = "NUT"
  revision = "b03c65ea87cdc3521ede29f62fe3ce239267c1bc"
  version = "v1.3.2"

[[projects]]
  digest = "1:5e514416fd50f539978e4e8c13bf4538861ba04f5a26e87f763e15fc2666b155"
  name = "github.com/golang/protobuf"
  packages = [
    "internal/gengogrpc",
    "jsonpb",
    "proto",
    "protoc-gen-go",
    "ptypes",
    "ptypes/any",
    "ptypes/duration",
    "ptypes/empty",
    "ptypes/timestamp",
  ]
  pruneopts = "NUT"
  revision = "ae97035608a719c7a1c1c41bed0ae0744bdb0c6f"
  version = "v1.5.2"

[[projects]]
  digest = "1:e9a510a26ae90de0cc935bfd2a57036e17a3efd4482923e57269ad8329c6f59a"
  name = "github.com/golang/snappy"
  packages = ["."]
  pruneopts = "NUT"
  revision = "544b4180ac705b7605231d4a4550a1acb22a19fe"
  version = "v0.0.4"

[[projects]]
  digest = "1:d756997b14b196e260a12ea164c11e496b9b7c15895ca076eaaa9b18be7b3815"
  name = "github.com/gorilla/handlers"
  packages = ["."]
  pruneopts = "NUT"
  revision = "d453effd20e6817a8acfd9d278dadd21371da0ba"
  version = "v1.5.1"

[[projects]]
  digest = "1:e1989d102b8b3e010f2f25ee46653409e24912de5d9ee38dcbf40fccbf9b6870"
  name = "github.com/gorilla/mux"
  packages = ["."]
  pruneopts = "NUT"
  revision = "98cb6bf42e086f6af920b965c38cacc07402d51b"
  version = "v1.8.0"

[[projects]]
  digest = "1:92e678d0b548753c9216cfe29d54c308d7f3bf8a6d8c9b447eb1acdd11d8dd42"
  name = "github.com/grpc-ecosystem/go-grpc-middleware"
  packages = ["."]
  pruneopts = "NUT"
  revision = "df0f91b29bbbdfc3a686a7a8edbe2b9de2072fdd"
  version = "v1.3.0"

[[projects]]
  digest = "1:9a3cfd8ec5bea622c87774a058bbd52a656fa7da9dfe8db329b859fb4e11e54d"
  name = "github.com/hashicorp/go-uuid"
  packages = ["."]
  pruneopts = "NUT"
  revision = "6195a4f20692188e0a389def25559731d1e130f9"
  version = "v1.0.2"

[[projects]]
  digest = "1:c6a67cde4aa29e5f294a4bc6748f56cc53481ed70f7521d7da615ab09fe28065"
  name = "github.com/hashicorp/go-version"
  packages = ["."]
  pruneopts = "NUT"
  revision = "4cadd97b91826252b3ce14c80761a9fa758ddccf"
  version = "v1.4.0"

[[projects]]
  digest = "1:11c6c696067d3127ecf332b10f89394d386d9083f82baf71f40f2da31841a009"
  name = "github.com/hashicorp/hcl"
  packages = [
    ".",
    "hcl/ast",
    "hcl/parser",
    "hcl/printer",
    "hcl/scanner",
    "hcl/strconv",
    "hcl/token",
    "json/parser",
    "json/scanner",
    "json/token",
  ]
  pruneopts = "NUT"
  revision = "8cb6e5b959231cc1119e43259c4a608f9c51a241"
  version = "v1.0.0"

[[projects]]
  branch = "master"
  digest = "1:920a1c89ab74d92f68a3d2aa568ee34805cfe9df38ba80fee1c84ebcaf05eb0c"
  name = "github.com/hyperledger/fabric-amcl"
  packages = [
    "amcl",
    "amcl/FP256BN",
  ]
  pruneopts = "NUT"
  revision = "327c9e2cf77a6fcb3979f327cacfe1fc5564b7da"

[[projects]]
  digest = "1:0f4305e5a43e324844412168385a23ff23dafc55369fcbbc2ea77fb974f828cc"
  name = "github.com/hyperledger/fabric-lib-go"
  packages = ["healthz"]
  pruneopts = "NUT"
  revision = "90dc96fb23ab7eb18477e4bfcf9cd8ebdb7209f0"
  version = "v1.0.0"

[[projects]]
  digest = "1:406338ad39ab2e37b7f4452906442a3dbf0eb3379dd1f06aafb5c07e769a5fbb"
  name = "github.com/inconshreveable/mousetrap"
  packages = ["."]
  pruneopts = "NUT"
  revision = "76626ae9c91c4f2a10f34cad8ce83ea42c93bb75"
  version = "v1.0"

[[projects]]
  digest = "1:bfa11c07c3b1968f2e93506409250aac6818b788efd3a83fab34af8c2a9a7db1"
  name = "github.com/jcmturner/aescts"
  packages = ["v2"]
  pruneopts = "NUT"
  revision = "72347e1bd92aa67384e4f8c0e8a6d7cfaa716eea"
  version = "v2.0.0"

[[projects]]
  digest = "1:b205eefe3c610a15dcc6931bb72a11e38ab0e6833702a766c525e5bfbde3e294"
  name = "github.com/jcmturner/dnsutils"
  packages = ["v2"]
  pruneopts = "NUT"
  revision = "90052734000be120c409677a88cb517e5b49dbf4"
  version = "v2.0.0"

[[projects]]
  digest = "1:efc693dbcbe885796a3d46bd1817646d713996bcc2893d42f5434141afc1a86f"
  name = "github.com/jcmturner/gofork"
  packages = [
    "encoding/asn1",
    "x/crypto/pbkdf2",
  ]
  pruneopts = "NUT"
  revision = "dc7c13fece037a4a36e2b3c69db4991498d30692"
  version = "v1.0.0"

[[projects]]
  digest = "1:551b164654cb4e1d34fe5ad8313f5c0465a93aa8f8ab0b81799a6c96185bf43e"
  name = "github.com/jcmturner/gokrb5"
  packages = [
    "v8/asn1tools",
    "v8/client",
    "v8/config",
    "v8/credentials",
    "v8/crypto",
    "v8/crypto/common",
    "v8/crypto/etype",
    "v8/crypto/rfc3961",
    "v8/crypto/rfc3962",
    "v8/crypto/rfc4757",
    "v8/crypto/rfc8009",
    "v8/gssapi",
    "v8/iana",
    "v8/iana/addrtype",
    "v8/iana/adtype",
    "v8/iana/asnAppTag",
    "v8/iana/chksumtype",
    "v8/iana/errorcode",
    "v8/iana/etypeID",
    "v8/iana/flags",
    "v8/iana/keyusage",
    "v8/iana/msgtype",
    "v8/iana/nametype",
    "v8/iana/patype",
    "v8/kadmin",
    "v8/keytab",
    "v8/krberror",
    "v8/messages",
    "v8/pac",
    "v8/types",
  ]
  pruneopts = "NUT"
  revision = "663478bf457f1fc3275973bea5b7b787cd332015"
  version = "v8.4.2"

[[projects]]
  digest = "1:003e1deafdf900262a9df6e50c91e0ef6c2132680a21334f8a0d746dd5ddbdfa"
  name = "github.com/jcmturner/rpc"
  packages = [
    "v2/mstypes",
    "v2/ndr",
  ]
  pruneopts = "NUT"
  revision = "7f482067a47ba5c8f25f2bcae9ab99b3fed820e9"
  version = "v2.0.3"

[[projects]]
  digest = "1:2d76643ddff8b9f3f7c3bde44c088c0a1886126e3c0ca359acbac3eded897fdd"
  name = "github.com/json-iterator/go"
  packages = ["."]
  pruneopts = "NUT"
  revision = "024077e996b048517130b21ea6bf12aa23055d3d"
  version = "v1.1.12"

[[projects]]
  digest = "1:668d0f51cf37b1bdd86512fb19edd072e6cf8ca866bc8bd6db2f09db789be723"
  name = "github.com/klauspost/compress"
  packages = [
    ".",
    "fse",
    "huff0",
    "internal/snapref",
    "zstd",
    "zstd/internal/xxhash",
  ]
  pruneopts = "NUT"
  revision = "8f61aab31a7d742056adc7c1bbe6f0ae00315358"
  version = "v1.14.1"

[[projects]]
  branch = "master"
  digest = "1:7b21c7fc5551b46d1308b4ffa9e9e49b66c7a8b0ba88c0130474b0e7a20d859f"
  name = "github.com/kr/pretty"
  packages = ["."]
  pruneopts = "NUT"
  revision = "73f6ac0b30a98e433b289500d779f50c1a6f0712"

[[projects]]
  digest = "1:c3a7836b5904db0f8b609595b619916a6831cb35b8b714aec39f96d00c6155d8"
  name = "github.com/kr/text"
  packages = ["."]
  pruneopts = "NUT"
  revision = "702c74938df48b97370179f33ce2107bd7ff3b3e"
  version = "v0.2.0"

[[projects]]
  digest = "1:39a090503bc28c72e79a7b3d4d983790caa2b202bc6d7357f28fdc43e15447fe"
  name = "github.com/magiconair/properties"
  packages = ["."]
  pruneopts = "NUT"
  revision = "291b8266af1000c77a12ae6d4dde1145a028012f"
  version = "v1.8.5"

[[projects]]
  digest = "1:bb1047e0027b4e54b050634aa741d3d9fe4f026ccefb5d31f2c07a5f651ae125"
  name = "github.com/mattn/go-runewidth"
  packages = ["."]
  pruneopts = "NUT"
  revision = "df1ff59654317c1b5a3f860ffc47402931932104"
  version = "v0.0.13"

[[projects]]
  digest = "1:5985ef4caf91ece5d54817c11ea25f182697534f8ae6521eadcd628c142ac4b6"
  name = "github.com/matttproud/golang_protobuf_extensions"
  packages = ["pbutil"]
  pruneopts = "NUT"
  revision = "c12348ce28de40eed0136aa2b644d0ee0650e56c"
  version = "v1.0.1"

[[projects]]
  branch = "master"
  digest = "1:c9e66d3e482f7e7fa7361b7a89d6246ce0aedc9a4396025b7f2cb57f24c5a2b0"
  name = "github.com/miekg/pkcs11"
  packages = ["."]
  pruneopts = "NUT"
  revision = "0d6b531e79ddc221e54323b1c20186d057fafefa"

[[projects]]
  digest = "1:38bfca8720e8db261f64699733f79df3ca11c21a592cfb7519f804656ce12ad5"
  name = "github.com/mitchellh/mapstructure"
  packages = ["."]
  pruneopts = "NUT"
  revision = "b9b99d7d59762a5b2a43df840adc318b2fa229ee"
  version = "v1.4.3"

[[projects]]
  digest = "1:2f42fa12d6911c7b7659738758631bec870b7e9b4c6be5444f963cdcfccc191f"
  name = "github.com/modern-go/concurrent"
  packages = ["."]
  pruneopts = "NUT"
  revision = "bacd9c7ef1dd9b15be4a9909b8ac7a4e313eec94"
  version = "1.0.3"

[[projects]]
  digest = "1:491902b1771ed1d83553321575acf5780049eb0e6cbf131653e43fa273dc484f"
  name = "github.com/modern-go/reflect2"
  packages = ["."]
  pruneopts = "NUT"
  revision = "2b33151c9bbc5231aea69b8861c540102b087070"
  version = "v1.0.2"

[[projects]]
  digest = "1:fc96548595095e5128bb8f78609909f1f3f29a24648d8323ed623ae1f4815262"
  name = "github.com/onsi/ginkgo"
  packages = [
    ".",
    "config",
    "extensions/table",
    "internal/codelocation",
    "internal/containernode",
    "internal/failer",
    "internal/leafnodes",
    "internal/remote",
    "internal/spec",
    "internal/spec_iterator",
    "internal/specrunner",
    "internal/suite",
    "internal/testingtproxy",
    "internal/writer",
    "reporters",
    "reporters/stenographer",
    "reporters/stenographer/support/go-colorable",
    "reporters/stenographer/support/go-isatty",
    "types",
  ]
  pruneopts = "NT"
  revision = "a3b6351eb1ff8e1bfa30b2f55d7e282186ed8fee"

[[projects]]
  digest = "1:e85f9d2ef3eaae67c0725c1120c1ae1e0d3f687276ad89f3e9baf0b494af8917"
  name = "github.com/onsi/gomega"
  packages = [
    ".",
    "format",
    "gbytes",
    "gexec",
    "ghttp",
    "internal",
    "matchers",
    "matchers/support/goraph/bipartitegraph",
    "matchers/support/goraph/edge",
    "matchers/support/goraph/node",
    "matchers/support/goraph/util",
    "types",
  ]
  pruneopts = "NT"
  revision = "05f6097dd78c7c5fcdd4dd17896d96ab468fdd63"
  version = "v1.17.0"

[[projects]]
  branch = "master"
  digest = "1:7302bcf5914fc7c62b2eb65291547ba8522cd03fc3fda1d468c3438c80302db3"
  name = "github.com/op/go-logging"
  packages = ["."]
  pruneopts = "NUT"
  revision = "970db520ece77730c7e4724c61121037378659d9"

[[projects]]
  digest = "1:28066d8501492fb0fd6847c5c28ed940e3d7ce26e374fe169a263f77aa5c6838"
  name = "github.com/opencontainers/go-digest"
  packages = ["."]
  pruneopts = "NUT"
  revision = "ea51bea511f75cfa3ef6098cc253c5c3609b037a"
  version = "v1.0.0"

[[projects]]
  digest = "1:4e2a62977a33d3130b7137a305e20224249e04ff76d28103038e1ca6b89bc580"
  name = "github.com/opencontainers/image-spec"
  packages = [
    "specs-go",
    "specs-go/v1",
  ]
  pruneopts = "NUT"
  revision = "67d2d5658fe0476ab9bf414cec164077ebff3920"
  version = "v1.0.2"

[[projects]]
  digest = "1:f22772d0444f6ef76cf39b7bd8842c14f323f649f919be12397be03d53dd91a7"
  name = "github.com/opencontainers/runc"
  packages = ["libcontainer/user"]
  pruneopts = "NUT"
  revision = "f46b6ba2c9314cfc8caae24a32ec5fe9ef1059fe"
  version = "v1.0.3"

[[projects]]
  digest = "1:c32efcc01a7dd7a17095bf3b7a3458850fb30f8ed7e2bc72de97cf3a9a617f8e"
  name = "github.com/pelletier/go-toml"
  packages = ["."]
  pruneopts = "NUT"
  revision = "b8ba995eaaba4be30c8a8090bdfb4aa61af52054"
  version = "v1.9.4"

[[projects]]
  digest = "1:0f096b4dd7e3db5c73bb57fdfc28815eb650a84e16f3aafc10fc6516f46fa864"
  name = "github.com/pierrec/lz4"
  packages = [
    ".",
    "internal/xxh32",
  ]
  pruneopts = "NUT"
  revision = "bd2592c4cc7765ba1d21d20044eb45a3b19325d3"
  version = "v2.6.1"

[[projects]]
  digest = "1:14715f705ff5dfe0ffd6571d7d201dd8e921030f8070321a79380d8ca4ec1a24"
  name = "github.com/pkg/errors"
  packages = ["."]
  pruneopts = "NUT"
  revision = "ba968bfe8b2f7e042a574c888954fccecfa385b4"
  version = "v0.8.1"

[[projects]]
  digest = "1:0028cb19b2e4c3112225cd871870f2d9cf49b9b4276531f03438a88e94be86fe"
  name = "github.com/pmezard/go-difflib"
  packages = ["difflib"]
  pruneopts = "NUT"
  revision = "792786c7400a136282c1664665ae0a8db921c6c2"
  version = "v1.0.0"

[[projects]]
  digest = "1:623090ece42820e4121c5c85a4373b10b922e79f3b8c44caad67a45a50e10054"
  name = "github.com/prometheus/client_golang"
  packages = [
    "prometheus",
    "prometheus/internal",
  ]
  pruneopts = "NUT"
  revision = "170205fb58decfd011f1550d4cfb737230d7ae4f"
  version = "v1.1.0"

[[projects]]
  digest = "1:0db23933b8052702d980a3f029149b3f175f7c0eea0cff85b175017d0f2722c0"
  name = "github.com/prometheus/client_model"
  packages = ["go"]
  pruneopts = "NUT"
  revision = "7bc5445566f0fe75b15de23e6b93886e982d7bf9"
  version = "v0.2.0"

[[projects]]
  digest = "1:ab940c55d14a713996723e911dbeac3360b745a625b874451bf8c28c31ce35d0"
  name = "github.com/prometheus/common"
  packages = [
    "expfmt",
    "internal/bitbucket.org/ww/goautoneg",
    "model",
  ]
  pruneopts = "NUT"
  revision = "2af6d036253eee1a9a08c6ddf6be6d67537bcdff"
  version = "v0.32.1"

[[projects]]
  digest = "1:bc620e49ace8259c2888fc816a65b0c92287aeb8987234ff50a187d805a62c9f"
  name = "github.com/prometheus/procfs"
  packages = [
    ".",
    "internal/fs",
    "internal/util",
  ]
  pruneopts = "NUT"
  revision = "f436cbb89ece38bf080d446b3ca27053b305eaac"
  version = "v0.7.3"

[[projects]]
  branch = "master"
  digest = "1:45226a195e0a8e8cb87bd1e1689bb85268ad59a423dd95ce4ed2d2381cf2b759"
  name = "github.com/rcrowley/go-metrics"
  packages = ["."]
  pruneopts = "NUT"
  revision = "cf1acfcdf4751e0554ffa765d03e479ec491cad6"

[[projects]]
  digest = "1:e644b02192accfca6f351cf2611df249d502ab75f8cebb2e8b3976a3d6ee75f8"
  name = "github.com/rivo/uniseg"
  packages = ["."]
  pruneopts = "NUT"
  revision = "75711fccf6a3e85bc74c241e2dddd06a9bc9e53d"
  version = "v0.2.0"

[[projects]]
  digest = "1:646b10bb9a4bdcdfc7e075d7869706db6a0fce6f56c961459070ed0ed2ed8f2f"
  name = "github.com/sirupsen/logrus"
  packages = ["."]
  pruneopts = "NUT"
  revision = "bdc0db8ead3853c56b7cd1ac2ba4e11b47d7da6b"
  version = "v1.8.1"

[[projects]]
  digest = "1:c1840264c01bf72c05fe3e6187a99e57a8ffd8b9f87caaff03fba18b74f054a8"
  name = "github.com/spf13/afero"
  packages = [
    ".",
    "mem",
  ]
  pruneopts = "NUT"
  revision = "cd35605009e0f43ac1123133549379e6143bcb42"
  version = "v1.8.0"

[[projects]]
  digest = "1:601759f7a5d60a002659dccb875974e78ff135fdd41e6f3799cb6ae5ccc89c06"
  name = "github.com/spf13/cast"
  packages = ["."]
  pruneopts = "NUT"
  revision = "88075729b052bca4b8b6c31bf198db2fe6c9da93"
  version = "v1.4.1"

[[projects]]
  digest = "1:cae9f5ec514bfd95d4292a27124d368aa542be8a12fbdd3148cf981daddea182"
  name = "github.com/spf13/cobra"
  packages = ["."]
  pruneopts = "NUT"
  revision = "6607e6b8603f56adb027298ee6695e06ffb3a819"
  version = "0.0.7"

[[projects]]
  digest = "1:3d72352adb74e79d6d5a43d6f51bfd2d0bd0c9b5f3c00cf5a4b1636d8d3b9d92"
  name = "github.com/spf13/jwalterweatherman"
  packages = ["."]
  pruneopts = "NUT"
  revision = "94f6ae3ed3bceceafa716478c5fbf8d29ca601a1"
  version = "v1.1.0"

[[projects]]
  digest = "1:d115708a27806831d1babbc6f28a7478ddf8e32a7095507c816e2515fb03a810"
  name = "github.com/spf13/pflag"
  packages = ["."]
  pruneopts = "NUT"
  revision = "2e9d26c8c37aae03e3f9d4e90b7116f5accb7cab"
  version = "v1.0.5"

[[projects]]
  digest = "1:958dd1902c8999769574c48476f471791be450a2aacaa2c411c408d22ec84e80"
  name = "github.com/spf13/viper"
  packages = [
    ".",
    "remote",
  ]
  pruneopts = "NUT"
  revision = "v1.3.1"

[[projects]]
  digest = "1:99c59df3e312b276d94781efbdd94c258b059701274495bbd48310ccc02df113"
  name = "github.com/stretchr/objx"
  packages = ["."]
  pruneopts = "NUT"
  revision = "35313a95ee26395aa17d366c71a2ccf788fa69b6"
  version = "v0.3.0"

[[projects]]
  digest = "1:43c2f32d54e928cdc69b6f5e4764cd2fe5fe4c55504bfe537c8fc4309ae62631"
  name = "github.com/stretchr/testify"
  packages = [
    "assert",
    "mock",
    "require",
  ]
  pruneopts = "NUT"
  revision = "acba37e5db06f0093b465a7d47822bf13644b66c"
  version = "v1.7.0"

[[projects]]
  branch = "master"
  digest = "1:9d9c19f0b61a916fdc8f1b7eca91768ce72080a19b75b4e4de525df801388e47"
  name = "github.com/syndtr/goleveldb"
  packages = [
    "leveldb",
    "leveldb/cache",
    "leveldb/comparer",
    "leveldb/errors",
    "leveldb/filter",
    "leveldb/iterator",
    "leveldb/journal",
    "leveldb/memdb",
    "leveldb/opt",
    "leveldb/storage",
    "leveldb/table",
    "leveldb/util",
  ]
  pruneopts = "NUT"
  revision = "2ae1ddf74ef7020251ff1ff0fe8daac21a157761"

[[projects]]
  branch = "master"
  digest = "1:61d09b888aa5c3c3ccf9a094e2320429e2ae9a1acca85d5b59a0700b2c4b677f"
  name = "github.com/tedsuo/ifrit"
  packages = [
    ".",
    "ginkgomon",
    "grouper",
  ]
  pruneopts = "NUT"
  revision = "9a97d0632f00efd5508c1a211032f07de3255d23"

[[projects]]
  digest = "1:968018ac7bbaea86d150fd8b380fbce1fa3eb023bfc7224ae446a3a2a9b30ee8"
  name = "github.com/willf/bitset"
  packages = ["."]
  pruneopts = "NUT"
  revision = "5a829244ffd64e4120015ce1bf8285b0b6168d55"
  version = "v1.2.1"

[[projects]]
  branch = "master"
  digest = "1:39dc51ddfd04741036d785a4cbd4f93c2bc829226d4e289a2513c81292adea65"
  name = "github.com/xordataexchange/crypt"
  packages = [
    "backend",
    "backend/consul",
    "backend/etcd",
    "config",
    "encoding/secconf",
  ]
  pruneopts = "NUT"
  revision = "b2862e3d0a775f18c7cfe02273500ae307b61218"

[[projects]]
  digest = "1:3030a5877f48d40f2bd812c537aaa4a445567301af2609d9b50dcdf3c45fe7d5"
  name = "go.uber.org/atomic"
  packages = ["."]
  pruneopts = "NUT"
  revision = "3504dfaa1fa414923b1c8693f45d2f6931daf229"
  version = "v1.9.0"

[[projects]]
  digest = "1:bef1d334b60fe89b0644e09280f73ca72d1b967c2939b90462c6ee81e91f69b1"
  name = "go.uber.org/multierr"
  packages = ["."]
  pruneopts = "NUT"
  revision = "a5cd5509686189240486545be669e1dff9b98dcf"
  version = "v1.7.0"

[[projects]]
  digest = "1:8919ccbd5a650b5c3c24647711fa93aaf1ec6a6516fa2b2f1f2b2de6ea95b76c"
  name = "go.uber.org/zap"
  packages = [
    ".",
    "buffer",
    "internal/bufferpool",
    "internal/color",
    "internal/exit",
    "zapcore",
    "zapgrpc",
    "zaptest/observer",
  ]
  pruneopts = "NUT"
  revision = "ad0b02de7bf46047bd40a1e7a85306103747f3e9"
  version = "v1.20.0"

[[projects]]
  branch = "master"
  digest = "1:d67160fd13622cd6991dc8033fdeb609bbcea8bf74bc35a13e3ae589ae0c7cc8"
  name = "golang.org/x/crypto"
  packages = [
    "cast5",
    "md4",
    "openpgp",
    "openpgp/armor",
    "openpgp/elgamal",
    "openpgp/errors",
    "openpgp/packet",
    "openpgp/s2k",
    "pbkdf2",
    "sha3",
  ]
  pruneopts = "NUT"
  revision = "5e0467b6c7cee3ce8969a8b584d9e6ab01d074f7"

[[projects]]
  digest = "1:a019befaac3480235e0db34bc38f5e90baefe615795eb1e5adc4633baa3f0841"
  name = "golang.org/x/lint"
  packages = [
    ".",
    "golint",
  ]
  pruneopts = "NUT"
  revision = "c67002cb31c3a748b7688c27f20d8358b4193582"

[[projects]]
  branch = "master"
  digest = "1:939ce79f9bbf981dfc28885b02f9237d0358d9dc1edb55c43c0c8b85166ab785"
  name = "golang.org/x/net"
  packages = [
    "context",
    "html",
    "html/atom",
    "html/charset",
    "http/httpguts",
    "http2",
    "http2/hpack",
    "idna",
    "internal/socks",
    "internal/timeseries",
    "proxy",
    "trace",
  ]
  pruneopts = "NUT"
  revision = "0dd24b26b47d4eb2d45eb3c7a4bcb809d7c1edb8"

[[projects]]
  branch = "master"
  digest = "1:4692f916cb72b2c295f04841036d85a3f13e96d1cc9e8e4c2c30edebac518053"
  name = "golang.org/x/sync"
  packages = ["semaphore"]
  pruneopts = "NUT"
  revision = "036812b2e83c0ddf193dd5a34e034151da389d09"

[[projects]]
  branch = "master"
  digest = "1:4f2373c578e983a318e1d07061e0cff20778e2844c7a874c5f1de82440e1e541"
  name = "golang.org/x/sys"
  packages = [
    "cpu",
    "internal/unsafeheader",
    "unix",
    "windows",
  ]
  pruneopts = "NUT"
  revision = "da31bd327af904dd4721b4eefa7c505bb3afd214"

[[projects]]
  digest = "1:036834056f11588d92fcff0c7b03d1feebfe37b230a804836c158f8d797116df"
  name = "golang.org/x/text"
  packages = [
    "collate",
    "collate/build",
    "encoding",
    "encoding/charmap",
    "encoding/htmlindex",
    "encoding/internal",
    "encoding/internal/identifier",
    "encoding/japanese",
    "encoding/korean",
    "encoding/simplifiedchinese",
    "encoding/traditionalchinese",
    "encoding/unicode",
    "internal/colltab",
    "internal/gen",
    "internal/language",
    "internal/language/compact",
    "internal/tag",
    "internal/triegen",
    "internal/ucd",
    "internal/utf8internal",
    "language",
    "runes",
    "secure/bidirule",
    "transform",
    "unicode/bidi",
    "unicode/cldr",
    "unicode/norm",
    "unicode/rangetable",
  ]
  pruneopts = "NUT"
  revision = "383b2e75a7a4198c42f8f87833eefb772868a56f"
  version = "v0.3.7"

[[projects]]
  digest = "1:0a25e2d158566f94027c0eeb72e1d34b0cfba5b8b51dc7c5b1bb04c2d437898b"
  name = "golang.org/x/tools"
  packages = [
    "cmd/goimports",
    "go/ast/astutil",
    "go/gcexportdata",
    "go/internal/cgo",
    "go/internal/gcimporter",
    "go/packages",
    "go/types/typeutil",
    "imports",
    "internal/fastwalk",
    "internal/gopathwalk",
    "internal/semver",
  ]
  pruneopts = "NUT"
  revision = "f60e5f99f0816fc2d9ecb338008ea420248d2943"

[[projects]]
  branch = "main"
  digest = "1:04a35a4332efa2d2c6a42bc07199345267ce02e0ecde01e4bf601c925efa3e9a"
  name = "google.golang.org/genproto"
  packages = ["googleapis/rpc/status"]
  pruneopts = "NUT"
  revision = "d2e6a121cae015ae1dde703f827dd65ada76168e"

[[projects]]
  digest = "1:5b805b8e03b29399b344655cac16873f026e54dc0a7c17b381f6f4d4c7b6d741"
  name = "google.golang.org/grpc"
  packages = [
    ".",
    "balancer",
    "balancer/base",
    "balancer/roundrobin",
    "codes",
    "connectivity",
    "credentials",
    "encoding",
    "encoding/proto",
    "grpclog",
    "internal",
    "internal/backoff",
    "internal/channelz",
    "internal/envconfig",
    "internal/grpcrand",
    "internal/transport",
    "keepalive",
    "metadata",
    "naming",
    "peer",
    "resolver",
    "resolver/dns",
    "resolver/passthrough",
    "stats",
    "status",
    "tap",
  ]
  pruneopts = "NUT"
  revision = "8dea3dc473e90c8179e519d91302d0597c0ca1d1"
  version = "v1.15.0"

[[projects]]
  digest = "1:4ccf5051692a0e61c560a48f700770a9dffaf1e71409d3a03e0194bbafc5c014"
  name = "google.golang.org/protobuf"
  packages = [
    "cmd/protoc-gen-go/internal_gengo",
    "compiler/protogen",
    "encoding/protojson",
    "encoding/prototext",
    "encoding/protowire",
    "internal/descfmt",
    "internal/descopts",
    "internal/detrand",
    "internal/encoding/defval",
    "internal/encoding/json",
    "internal/encoding/messageset",
    "internal/encoding/tag",
    "internal/encoding/text",
    "internal/errors",
    "internal/filedesc",
    "internal/filetype",
    "internal/flags",
    "internal/genid",
    "internal/impl",
    "internal/order",
    "internal/pragma",
    "internal/set",
    "internal/strs",
    "internal/version",
    "proto",
    "reflect/protodesc",
    "reflect/protoreflect",
    "reflect/protoregistry",
    "runtime/protoiface",
    "runtime/protoimpl",
    "types/descriptorpb",
    "types/known/anypb",
    "types/known/durationpb",
    "types/known/emptypb",
    "types/known/timestamppb",
    "types/pluginpb",
  ]
  pruneopts = "NUT"
  revision = "b92717ecb630d4a4824b372bf98c729d87311a4d"
  version = "v1.27.1"

[[projects]]
  digest = "1:22b2dee6f30bc8601f087449a2a819df8388e54e9547349c658f14d8f8c590f2"
  name = "gopkg.in/alecthomas/kingpin.v2"
  packages = ["."]
  pruneopts = "NUT"
  revision = "947dcec5ba9c011838740e680966fd7087a71d0d"
  version = "v2.2.6"

[[projects]]
  digest = "1:745f826d7ba65c5258f7a4b877dcaca56a303042960c6ba705921f9ceaf3b36e"
  name = "gopkg.in/cheggaaa/pb.v1"
  packages = ["."]
  pruneopts = "NUT"
  revision = "5784bcc95a1741c2ca2b46b19f1f3d398557300c"
  version = "v1.0.29"

[[projects]]
  digest = "1:0b74852e34746033bb64ec0b21c16a4952917bdaf344446a1682f101c042e610"
  name = "gopkg.in/yaml.v2"
  packages = ["."]
  pruneopts = "NUT"
  revision = "7649d4548cb53a614db133b2a8ac1f31859dda8c"
  version = "v2.4.0"

[[projects]]
  branch = "v3"
  digest = "1:7f943028086d549b7f99ecad153e416e4726538768d663277f3c272f93ffb1c2"
  name = "gopkg.in/yaml.v3"
  packages = ["."]
  pruneopts = "NUT"
  revision = "496545a6307b2a7d7a710fd516e5e16e8ab62dbc"

[solve-meta]
  analyzer-name = "dep"
  analyzer-version = 1
  input-imports = [
    "code.cloudfoundry.org/clock",
    "code.cloudfoundry.org/clock/fakeclock",
    "github.com/Knetic/govaluate",
    "github.com/Shopify/sarama",
    "github.com/Shopify/sarama/mocks",
    "github.com/coreos/etcd/raft",
    "github.com/coreos/etcd/raft/raftpb",
    "github.com/coreos/etcd/snap",
    "github.com/coreos/etcd/wal",
    "github.com/coreos/etcd/wal/walpb",
    "github.com/davecgh/go-spew/spew",
    "github.com/fsouza/go-dockerclient",
    "github.com/go-kit/kit/metrics",
    "github.com/go-kit/kit/metrics/prometheus",
    "github.com/go-kit/kit/metrics/statsd",
    "github.com/gogo/protobuf/proto",
    "github.com/golang/protobuf/jsonpb",
    "github.com/golang/protobuf/proto",
    "github.com/golang/protobuf/protoc-gen-go",
    "github.com/golang/protobuf/ptypes",
    "github.com/golang/protobuf/ptypes/empty",
    "github.com/golang/protobuf/ptypes/timestamp",
    "github.com/gorilla/handlers",
    "github.com/gorilla/mux",
    "github.com/grpc-ecosystem/go-grpc-middleware",
    "github.com/hashicorp/go-version",
    "github.com/hyperledger/fabric-amcl/amcl",
    "github.com/hyperledger/fabric-amcl/amcl/FP256BN",
    "github.com/hyperledger/fabric-lib-go/healthz",
    "github.com/kr/pretty",
    "github.com/miekg/pkcs11",
    "github.com/mitchellh/mapstructure",
    "github.com/onsi/ginkgo",
    "github.com/onsi/ginkgo/extensions/table",
    "github.com/onsi/gomega",
    "github.com/onsi/gomega/gbytes",
    "github.com/onsi/gomega/gexec",
    "github.com/onsi/gomega/ghttp",
    "github.com/op/go-logging",
    "github.com/pkg/errors",
    "github.com/prometheus/client_golang/prometheus",
    "github.com/rcrowley/go-metrics",
    "github.com/spf13/cobra",
    "github.com/spf13/pflag",
    "github.com/spf13/viper",
    "github.com/spf13/viper/remote",
    "github.com/stretchr/testify/assert",
    "github.com/stretchr/testify/mock",
    "github.com/stretchr/testify/require",
    "github.com/syndtr/goleveldb/leveldb",
    "github.com/syndtr/goleveldb/leveldb/errors",
    "github.com/syndtr/goleveldb/leveldb/iterator",
    "github.com/syndtr/goleveldb/leveldb/opt",
    "github.com/syndtr/goleveldb/leveldb/util",
    "github.com/tedsuo/ifrit",
    "github.com/tedsuo/ifrit/ginkgomon",
    "github.com/tedsuo/ifrit/grouper",
    "github.com/willf/bitset",
    "go.uber.org/zap",
    "go.uber.org/zap/buffer",
    "go.uber.org/zap/zapcore",
    "go.uber.org/zap/zapgrpc",
    "go.uber.org/zap/zaptest/observer",
    "golang.org/x/crypto/sha3",
    "golang.org/x/lint/golint",
    "golang.org/x/net/context",
    "golang.org/x/sync/semaphore",
    "golang.org/x/tools/cmd/goimports",
    "golang.org/x/tools/go/packages",
    "google.golang.org/grpc",
    "google.golang.org/grpc/balancer",
    "google.golang.org/grpc/balancer/roundrobin",
    "google.golang.org/grpc/codes",
    "google.golang.org/grpc/credentials",
    "google.golang.org/grpc/grpclog",
    "google.golang.org/grpc/keepalive",
    "google.golang.org/grpc/metadata",
    "google.golang.org/grpc/peer",
    "google.golang.org/grpc/stats",
    "google.golang.org/grpc/status",
    "gopkg.in/alecthomas/kingpin.v2",
    "gopkg.in/cheggaaa/pb.v1",
    "gopkg.in/yaml.v2",
  ]
  solver-name = "gps-cdcl"
  solver-version = 1
